// !$*UTF8*$!
{
	archiveVersion = 1;
	classes = {
	};
	objectVersion = 46;
	objects = {

/* Begin PBXBuildFile section */
		A28EAE8E19C67464009F41BD /* main.m in Sources */ = {isa = PBXBuildFile; fileRef = A28EAE8D19C67464009F41BD /* main.m */; };
		A28EAE9119C67464009F41BD /* AppDelegate.m in Sources */ = {isa = PBXBuildFile; fileRef = A28EAE9019C67464009F41BD /* AppDelegate.m */; };
		A28EAE9419C67464009F41BD /* ViewController.m in Sources */ = {isa = PBXBuildFile; fileRef = A28EAE9319C67464009F41BD /* ViewController.m */; };
		A28EAE9719C67464009F41BD /* Main.storyboard in Resources */ = {isa = PBXBuildFile; fileRef = A28EAE9519C67464009F41BD /* Main.storyboard */; };
		A28EAE9919C67464009F41BD /* Images.xcassets in Resources */ = {isa = PBXBuildFile; fileRef = A28EAE9819C67464009F41BD /* Images.xcassets */; };
		A28EAE9C19C67464009F41BD /* LaunchScreen.xib in Resources */ = {isa = PBXBuildFile; fileRef = A28EAE9A19C67464009F41BD /* LaunchScreen.xib */; };
		A28EAEA819C67465009F41BD /* Git_TestTests.m in Sources */ = {isa = PBXBuildFile; fileRef = A28EAEA719C67465009F41BD /* Git_TestTests.m */; };
/* End PBXBuildFile section */

/* Begin PBXContainerItemProxy section */
		A28EAEA219C67465009F41BD /* PBXContainerItemProxy */ = {
			isa = PBXContainerItemProxy;
			containerPortal = A28EAE8019C67464009F41BD /* Project object */;
			proxyType = 1;
			remoteGlobalIDString = A28EAE8719C67464009F41BD;
			remoteInfo = "Git Test";
		};
/* End PBXContainerItemProxy section */

/* Begin PBXFileReference section */
		A28EAE8819C67464009F41BD /* Git Test.app */ = {isa = PBXFileReference; explicitFileType = wrapper.application; includeInIndex = 0; path = "Git Test.app"; sourceTree = BUILT_PRODUCTS_DIR; };
		A28EAE8C19C67464009F41BD /* Info.plist */ = {isa = PBXFileReference; lastKnownFileType = text.plist.xml; path = Info.plist; sourceTree = "<group>"; };
		A28EAE8D19C67464009F41BD /* main.m */ = {isa = PBXFileReference; lastKnownFileType = sourcecode.c.objc; path = main.m; sourceTree = "<group>"; };
		A28EAE8F19C67464009F41BD /* AppDelegate.h */ = {isa = PBXFileReference; lastKnownFileType = sourcecode.c.h; path = AppDelegate.h; sourceTree = "<group>"; };
		A28EAE9019C67464009F41BD /* AppDelegate.m */ = {isa = PBXFileReference; lastKnownFileType = sourcecode.c.objc; path = AppDelegate.m; sourceTree = "<group>"; };
		A28EAE9219C67464009F41BD /* ViewController.h */ = {isa = PBXFileReference; lastKnownFileType = sourcecode.c.h; path = ViewController.h; sourceTree = "<group>"; };
		A28EAE9319C67464009F41BD /* ViewController.m */ = {isa = PBXFileReference; lastKnownFileType = sourcecode.c.objc; path = ViewController.m; sourceTree = "<group>"; };
		A28EAE9619C67464009F41BD /* Base */ = {isa = PBXFileReference; lastKnownFileType = file.storyboard; name = Base; path = Base.lproj/Main.storyboard; sourceTree = "<group>"; };
		A28EAE9819C67464009F41BD /* Images.xcassets */ = {isa = PBXFileReference; lastKnownFileType = folder.assetcatalog; path = Images.xcassets; sourceTree = "<group>"; };
		A28EAE9B19C67464009F41BD /* Base */ = {isa = PBXFileReference; lastKnownFileType = file.xib; name = Base; path = Base.lproj/LaunchScreen.xib; sourceTree = "<group>"; };
		A28EAEA119C67465009F41BD /* Git TestTests.xctest */ = {isa = PBXFileReference; explicitFileType = wrapper.cfbundle; includeInIndex = 0; path = "Git TestTests.xctest"; sourceTree = BUILT_PRODUCTS_DIR; };
		A28EAEA619C67465009F41BD /* Info.plist */ = {isa = PBXFileReference; lastKnownFileType = text.plist.xml; path = Info.plist; sourceTree = "<group>"; };
		A28EAEA719C67465009F41BD /* Git_TestTests.m */ = {isa = PBXFileReference; lastKnownFileType = sourcecode.c.objc; path = Git_TestTests.m; sourceTree = "<group>"; };
/* End PBXFileReference section */

/* Begin PBXFrameworksBuildPhase section */
		A28EAE8519C67464009F41BD /* Frameworks */ = {
			isa = PBXFrameworksBuildPhase;
			buildActionMask = 2147483647;
			files = (
			);
			runOnlyForDeploymentPostprocessing = 0;
		};
		A28EAE9E19C67465009F41BD /* Frameworks */ = {
			isa = PBXFrameworksBuildPhase;
			buildActionMask = 2147483647;
			files = (
			);
			runOnlyForDeploymentPostprocessing = 0;
		};
/* End PBXFrameworksBuildPhase section */

/* Begin PBXGroup section */
		A28EAE7F19C67464009F41BD = {
			isa = PBXGroup;
			children = (
				A28EAE8A19C67464009F41BD /* Git Test */,
				A28EAEA419C67465009F41BD /* Git TestTests */,
				A28EAE8919C67464009F41BD /* Products */,
			);
			sourceTree = "<group>";
		};
		A28EAE8919C67464009F41BD /* Products */ = {
			isa = PBXGroup;
			children = (
				A28EAE8819C67464009F41BD /* Git Test.app */,
				A28EAEA119C67465009F41BD /* Git TestTests.xctest */,
			);
			name = Products;
			sourceTree = "<group>";
		};
		A28EAE8A19C67464009F41BD /* Git Test */ = {
			isa = PBXGroup;
			children = (
				A28EAE8F19C67464009F41BD /* AppDelegate.h */,
				A28EAE9019C67464009F41BD /* AppDelegate.m */,
				A28EAE9219C67464009F41BD /* ViewController.h */,
				A28EAE9319C67464009F41BD /* ViewController.m */,
				A28EAE9519C67464009F41BD /* Main.storyboard */,
				A28EAE9819C67464009F41BD /* Images.xcassets */,
				A28EAE9A19C67464009F41BD /* LaunchScreen.xib */,
				A28EAE8B19C67464009F41BD /* Supporting Files */,
			);
			path = "Git Test";
			sourceTree = "<group>";
		};
		A28EAE8B19C67464009F41BD /* Supporting Files */ = {
			isa = PBXGroup;
			children = (
				A28EAE8C19C67464009F41BD /* Info.plist */,
				A28EAE8D19C67464009F41BD /* main.m */,
			);
			name = "Supporting Files";
			sourceTree = "<group>";
		};
		A28EAEA419C67465009F41BD /* Git TestTests */ = {
			isa = PBXGroup;
			children = (
				A28EAEA719C67465009F41BD /* Git_TestTests.m */,
				A28EAEA519C67465009F41BD /* Supporting Files */,
			);
			path = "Git TestTests";
			sourceTree = "<group>";
		};
		A28EAEA519C67465009F41BD /* Supporting Files */ = {
			isa = PBXGroup;
			children = (
				A28EAEA619C67465009F41BD /* Info.plist */,
			);
			name = "Supporting Files";
			sourceTree = "<group>";
		};
/* End PBXGroup section */

/* Begin PBXNativeTarget section */
		A28EAE8719C67464009F41BD /* Git Test */ = {
			isa = PBXNativeTarget;
			buildConfigurationList = A28EAEAB19C67465009F41BD /* Build configuration list for PBXNativeTarget "Git Test" */;
			buildPhases = (
				A28EAE8419C67464009F41BD /* Sources */,
				A28EAE8519C67464009F41BD /* Frameworks */,
				A28EAE8619C67464009F41BD /* Resources */,
			);
			buildRules = (
			);
			dependencies = (
			);
			name = "Git Test";
			productName = "Git Test";
			productReference = A28EAE8819C67464009F41BD /* Git Test.app */;
			productType = "com.apple.product-type.application";
		};
		A28EAEA019C67465009F41BD /* Git TestTests */ = {
			isa = PBXNativeTarget;
			buildConfigurationList = A28EAEAE19C67465009F41BD /* Build configuration list for PBXNativeTarget "Git TestTests" */;
			buildPhases = (
				A28EAE9D19C67465009F41BD /* Sources */,
				A28EAE9E19C67465009F41BD /* Frameworks */,
				A28EAE9F19C67465009F41BD /* Resources */,
			);
			buildRules = (
			);
			dependencies = (
				A28EAEA319C67465009F41BD /* PBXTargetDependency */,
			);
			name = "Git TestTests";
			productName = "Git TestTests";
			productReference = A28EAEA119C67465009F41BD /* Git TestTests.xctest */;
			productType = "com.apple.product-type.bundle.unit-test";
		};
/* End PBXNativeTarget section */

/* Begin PBXProject section */
		A28EAE8019C67464009F41BD /* Project object */ = {
			isa = PBXProject;
			attributes = {
				LastUpgradeCheck = 0600;
				ORGANIZATIONNAME = "Jesús Santa Olalla";
				TargetAttributes = {
					A28EAE8719C67464009F41BD = {
						CreatedOnToolsVersion = 6.0;
					};
					A28EAEA019C67465009F41BD = {
						CreatedOnToolsVersion = 6.0;
						TestTargetID = A28EAE8719C67464009F41BD;
					};
				};
			};
			buildConfigurationList = A28EAE8319C67464009F41BD /* Build configuration list for PBXProject "Git Test" */;
			compatibilityVersion = "Xcode 3.2";
			developmentRegion = English;
			hasScannedForEncodings = 0;
			knownRegions = (
				en,
				Base,
			);
			mainGroup = A28EAE7F19C67464009F41BD;
			productRefGroup = A28EAE8919C67464009F41BD /* Products */;
			projectDirPath = "";
			projectRoot = "";
			targets = (
				A28EAE8719C67464009F41BD /* Git Test */,
				A28EAEA019C67465009F41BD /* Git TestTests */,
			);
		};
/* End PBXProject section */

/* Begin PBXResourcesBuildPhase section */
		A28EAE8619C67464009F41BD /* Resources */ = {
			isa = PBXResourcesBuildPhase;
			buildActionMask = 2147483647;
			files = (
				A28EAE9719C67464009F41BD /* Main.storyboard in Resources */,
				A28EAE9C19C67464009F41BD /* LaunchScreen.xib in Resources */,
				A28EAE9919C67464009F41BD /* Images.xcassets in Resources */,
			);
			runOnlyForDeploymentPostprocessing = 0;
		};
		A28EAE9F19C67465009F41BD /* Resources */ = {
			isa = PBXResourcesBuildPhase;
			buildActionMask = 2147483647;
			files = (
			);
			runOnlyForDeploymentPostprocessing = 0;
		};
/* End PBXResourcesBuildPhase section */

/* Begin PBXSourcesBuildPhase section */
		A28EAE8419C67464009F41BD /* Sources */ = {
			isa = PBXSourcesBuildPhase;
			buildActionMask = 2147483647;
			files = (
				A28EAE9419C67464009F41BD /* ViewController.m in Sources */,
				A28EAE9119C67464009F41BD /* AppDelegate.m in Sources */,
				A28EAE8E19C67464009F41BD /* main.m in Sources */,
			);
			runOnlyForDeploymentPostprocessing = 0;
		};
		A28EAE9D19C67465009F41BD /* Sources */ = {
			isa = PBXSourcesBuildPhase;
			buildActionMask = 2147483647;
			files = (
				A28EAEA819C67465009F41BD /* Git_TestTests.m in Sources */,
			);
			runOnlyForDeploymentPostprocessing = 0;
		};
/* End PBXSourcesBuildPhase section */

/* Begin PBXTargetDependency section */
		A28EAEA319C67465009F41BD /* PBXTargetDependency */ = {
			isa = PBXTargetDependency;
			target = A28EAE8719C67464009F41BD /* Git Test */;
			targetProxy = A28EAEA219C67465009F41BD /* PBXContainerItemProxy */;
		};
/* End PBXTargetDependency section */

/* Begin PBXVariantGroup section */
		A28EAE9519C67464009F41BD /* Main.storyboard */ = {
			isa = PBXVariantGroup;
			children = (
				A28EAE9619C67464009F41BD /* Base */,
			);
			name = Main.storyboard;
			sourceTree = "<group>";
		};
		A28EAE9A19C67464009F41BD /* LaunchScreen.xib */ = {
			isa = PBXVariantGroup;
			children = (
				A28EAE9B19C67464009F41BD /* Base */,
			);
			name = LaunchScreen.xib;
			sourceTree = "<group>";
		};
/* End PBXVariantGroup section */

/* Begin XCBuildConfiguration section */
		A28EAEA919C67465009F41BD /* Debug */ = {
			isa = XCBuildConfiguration;
			buildSettings = {
				ALWAYS_SEARCH_USER_PATHS = NO;
				CLANG_CXX_LANGUAGE_STANDARD = "gnu++0x";
				CLANG_CXX_LIBRARY = "libc++";
				CLANG_ENABLE_MODULES = YES;
				CLANG_ENABLE_OBJC_ARC = YES;
				CLANG_WARN_BOOL_CONVERSION = YES;
				CLANG_WARN_CONSTANT_CONVERSION = YES;
				CLANG_WARN_DIRECT_OBJC_ISA_USAGE = YES_ERROR;
				CLANG_WARN_EMPTY_BODY = YES;
				CLANG_WARN_ENUM_CONVERSION = YES;
				CLANG_WARN_INT_CONVERSION = YES;
				CLANG_WARN_OBJC_ROOT_CLASS = YES_ERROR;
				CLANG_WARN_UNREACHABLE_CODE = YES;
				CLANG_WARN__DUPLICATE_METHOD_MATCH = YES;
				"CODE_SIGN_IDENTITY[sdk=iphoneos*]" = "iPhone Developer";
				COPY_PHASE_STRIP = NO;
				ENABLE_STRICT_OBJC_MSGSEND = YES;
				GCC_C_LANGUAGE_STANDARD = gnu99;
				GCC_DYNAMIC_NO_PIC = NO;
				GCC_OPTIMIZATION_LEVEL = 0;
				GCC_PREPROCESSOR_DEFINITIONS = (
					"DEBUG=1",
					"$(inherited)",
				);
				GCC_SYMBOLS_PRIVATE_EXTERN = NO;
				GCC_WARN_64_TO_32_BIT_CONVERSION = YES;
				GCC_WARN_ABOUT_RETURN_TYPE = YES_ERROR;
				GCC_WARN_UNDECLARED_SELECTOR = YES;
				GCC_WARN_UNINITIALIZED_AUTOS = YES_AGGRESSIVE;
				GCC_WARN_UNUSED_FUNCTION = YES;
				GCC_WARN_UNUSED_VARIABLE = YES;
				IPHONEOS_DEPLOYMENT_TARGET = 8.0;
				MTL_ENABLE_DEBUG_INFO = YES;
				ONLY_ACTIVE_ARCH = YES;
				SDKROOT = iphoneos;
			};
			name = Debug;
		};
		A28EAEAA19C67465009F41BD /* Release */ = {
			isa = XCBuildConfiguration;
			buildSettings = {
				ALWAYS_SEARCH_USER_PATHS = NO;
				CLANG_CXX_LANGUAGE_STANDARD = "gnu++0x";
				CLANG_CXX_LIBRARY = "libc++";
				CLANG_ENABLE_MODULES = YES;
				CLANG_ENABLE_OBJC_ARC = YES;
				CLANG_WARN_BOOL_CONVERSION = YES;
				CLANG_WARN_CONSTANT_CONVERSION = YES;
				CLANG_WARN_DIRECT_OBJC_ISA_USAGE = YES_ERROR;
				CLANG_WARN_EMPTY_BODY = YES;
				CLANG_WARN_ENUM_CONVERSION = YES;
				CLANG_WARN_INT_CONVERSION = YES;
				CLANG_WARN_OBJC_ROOT_CLASS = YES_ERROR;
				CLANG_WARN_UNREACHABLE_CODE = YES;
				CLANG_WARN__DUPLICATE_METHOD_MATCH = YES;
				"CODE_SIGN_IDENTITY[sdk=iphoneos*]" = "iPhone Developer";
				COPY_PHASE_STRIP = YES;
				ENABLE_NS_ASSERTIONS = NO;
				ENABLE_STRICT_OBJC_MSGSEND = YES;
				GCC_C_LANGUAGE_STANDARD = gnu99;
				GCC_WARN_64_TO_32_BIT_CONVERSION = YES;
				GCC_WARN_ABOUT_RETURN_TYPE = YES_ERROR;
				GCC_WARN_UNDECLARED_SELECTOR = YES;
				GCC_WARN_UNINITIALIZED_AUTOS = YES_AGGRESSIVE;
				GCC_WARN_UNUSED_FUNCTION = YES;
				GCC_WARN_UNUSED_VARIABLE = YES;
				IPHONEOS_DEPLOYMENT_TARGET = 8.0;
				MTL_ENABLE_DEBUG_INFO = NO;
				SDKROOT = iphoneos;
				VALIDATE_PRODUCT = YES;
			};
			name = Release;
		};
		A28EAEAC19C67465009F41BD /* Debug */ = {
			isa = XCBuildConfiguration;
			buildSettings = {
				ASSETCATALOG_COMPILER_APPICON_NAME = AppIcon;
				INFOPLIST_FILE = "Git Test/Info.plist";
				LD_RUNPATH_SEARCH_PATHS = "$(inherited) @executable_path/Frameworks";
				PRODUCT_NAME = "$(TARGET_NAME)";
			};
			name = Debug;
		};
		A28EAEAD19C67465009F41BD /* Release */ = {
			isa = XCBuildConfiguration;
			buildSettings = {
				ASSETCATALOG_COMPILER_APPICON_NAME = AppIcon;
				INFOPLIST_FILE = "Git Test/Info.plist";
				LD_RUNPATH_SEARCH_PATHS = "$(inherited) @executable_path/Frameworks";
				PRODUCT_NAME = "$(TARGET_NAME)";
			};
			name = Release;
		};
		A28EAEAF19C67465009F41BD /* Debug */ = {
			isa = XCBuildConfiguration;
			buildSettings = {
				BUNDLE_LOADER = "$(TEST_HOST)";
				FRAMEWORK_SEARCH_PATHS = (
					"$(SDKROOT)/Developer/Library/Frameworks",
					"$(inherited)",
				);
				GCC_PREPROCESSOR_DEFINITIONS = (
					"DEBUG=1",
					"$(inherited)",
				);
				INFOPLIST_FILE = "Git TestTests/Info.plist";
				LD_RUNPATH_SEARCH_PATHS = "$(inherited) @executable_path/Frameworks @loader_path/Frameworks";
				PRODUCT_NAME = "$(TARGET_NAME)";
				TEST_HOST = "$(BUILT_PRODUCTS_DIR)/Git Test.app/Git Test";
			};
			name = Debug;
		};
		A28EAEB019C67465009F41BD /* Release */ = {
			isa = XCBuildConfiguration;
			buildSettings = {
				BUNDLE_LOADER = "$(TEST_HOST)";
				FRAMEWORK_SEARCH_PATHS = (
					"$(SDKROOT)/Developer/Library/Frameworks",
					"$(inherited)",
				);
				INFOPLIST_FILE = "Git TestTests/Info.plist";
				LD_RUNPATH_SEARCH_PATHS = "$(inherited) @executable_path/Frameworks @loader_path/Frameworks";
				PRODUCT_NAME = "$(TARGET_NAME)";
				TEST_HOST = "$(BUILT_PRODUCTS_DIR)/Git Test.app/Git Test";
			};
			name = Release;
		};
/* End XCBuildConfiguration section */

/* Begin XCConfigurationList section */
		A28EAE8319C67464009F41BD /* Build configuration list for PBXProject "Git Test" */ = {
			isa = XCConfigurationList;
			buildConfigurations = (
				A28EAEA919C67465009F41BD /* Debug */,
				A28EAEAA19C67465009F41BD /* Release */,
			);
			defaultConfigurationIsVisible = 0;
			defaultConfigurationName = Release;
		};
		A28EAEAB19C67465009F41BD /* Build configuration list for PBXNativeTarget "Git Test" */ = {
			isa = XCConfigurationList;
			buildConfigurations = (
				A28EAEAC19C67465009F41BD /* Debug */,
				A28EAEAD19C67465009F41BD /* Release */,
			);
			defaultConfigurationIsVisible = 0;
		};
		A28EAEAE19C67465009F41BD /* Build configuration list for PBXNativeTarget "Git TestTests" */ = {
			isa = XCConfigurationList;
			buildConfigurations = (
				A28EAEAF19C67465009F41BD /* Debug */,
				A28EAEB019C67465009F41BD /* Release */,
			);
			defaultConfigurationIsVisible = 0;
		};
/* End XCConfigurationList section */
	};
	rootObject = A28EAE8019C67464009F41BD /* Project object */;
}
